{
  "name": "diary-previous-client-fixture",
  "lockfileVersion": 3,
  "requires": true,
  "packages": {
    "": {
      "name": "diary-previous-client-fixture",
      "dependencies": {
        "@diary/api-client": "file:../../vendor/shared-packages/artifacts/diary-api-client-0.0.0-dev.g7e3a39ad5c49.c79912c20cec7.tgz",
        "@diary/contracts": "file:../../vendor/shared-packages/artifacts/diary-contracts-0.0.0-dev.g7e3a39ad5c49.c5dac3e3a66e9.tgz",
        "@diary/domain": "file:../../vendor/shared-packages/artifacts/diary-domain-0.0.0-dev.g7e3a39ad5c49.c7c695de05093.tgz"
      }
    },
    "node_modules/@asteasolutions/zod-to-openapi": {
      "version": "9.1.0",
      "resolved": "https://registry.npmjs.org/@asteasolutions/zod-to-openapi/-/zod-to-openapi-9.1.0.tgz",
      "integrity": "sha512-pLMeRgRYS7/vZIgAAkOe2P6+XGTifR1MT9pqDoxZ11EmcJJ+DPmdPqLN8ZZF4U8R9KHCCQCS9c2wtuE8wSrfkw==",
      "license": "MIT",
      "dependencies": {
        "openapi3-ts": "^4.6.0"
      },
      "peerDependencies": {
        "zod": "^4.0.0"
      }
    },
    "node_modules/@diary/api-client": {
      "version": "0.0.0-dev.g7e3a39ad5c49.c79912c20cec7",
      "resolved": "file:../../vendor/shared-packages/artifacts/diary-api-client-0.0.0-dev.g7e3a39ad5c49.c79912c20cec7.tgz",
      "integrity": "sha512-bXSYitollu+FlDFKfIbp0lhkXVSXv56MHyg9RpSp13g6SkjZlg7VE4t/ndiyRk10VAWCPELpCh/jpRadbsREuw==",
      "dependencies": {
        "@diary/contracts": "0.0.0-dev.g7e3a39ad5c49.c5dac3e3a66e9",
        "openapi-fetch": "0.17.0"
      }
    },
    "node_modules/@diary/contracts": {
      "version": "0.0.0-dev.g7e3a39ad5c49.c5dac3e3a66e9",
      "resolved": "file:../../vendor/shared-packages/artifacts/diary-contracts-0.0.0-dev.g7e3a39ad5c49.c5dac3e3a66e9.tgz",
      "integrity": "sha512-q4KN9GAcei/6jPcHu52jyMfcHttsgBP2NFu3PUAOt0ykTN1VJ6lfIjRMCkUZIu8sGtCmbVnqAlovmdX16FnryQ==",
      "dependencies": {
        "@asteasolutions/zod-to-openapi": "9.1.0",
        "zod": "4.5.4"
      }
    },
    "node_modules/@diary/domain": {
      "version": "0.0.0-dev.g7e3a39ad5c49.c7c695de05093",
      "resolved": "file:../../vendor/shared-packages/artifacts/diary-domain-0.0.0-dev.g7e3a39ad5c49.c7c695de05093.tgz",
      "integrity": "sha512-HcDoz2nQql84qSZ1jcwQmh5fZ2/UcXvH712uMqQY9FBcvDOhnAzzaGQng4gBPIpNAiGPpRMnq7GFykHyCXvBvg==",
      "dependencies": {
        "@diary/contracts": "0.0.0-dev.g7e3a39ad5c49.c5dac3e3a66e9"
      }
    },
    "node_modules/openapi-fetch": {
      "version": "0.17.0",
      "resolved": "https://registry.npmjs.org/openapi-fetch/-/openapi-fetch-0.17.0.tgz",
      "integrity": "sha512-PsbZR1wAPcG91eEthKhN+Zn92FMHxv+/faECIwjXdxfTODGSGegYv0sc1Olz+HYPvKOuoXfp+0pA2XVt2cI0Ig==",
      "license": "MIT",
      "dependencies": {
        "openapi-typescript-helpers": "^0.1.0"
      }
    },
    "node_modules/openapi-typescript-helpers": {
      "version": "0.1.0",
      "resolved": "https://registry.npmjs.org/openapi-typescript-helpers/-/openapi-typescript-helpers-0.1.0.tgz",
      "integrity": "sha512-OKTGPthhivLw/fHz6c3OPtg72vi86qaMlqbJuVJ23qOvQ+53uw1n7HdmkJFibloF7QEjDrDkzJiOJuockM/ljw==",
      "license": "MIT"
    },
    "node_modules/openapi3-ts": {
      "version": "4.6.1",
      "resolved": "https://registry.npmjs.org/openapi3-ts/-/openapi3-ts-4.6.1.tgz",
      "integrity": "sha512-XW9MOldkhoICNeXVzzmXzmOW5G73ppOEGmh7fLCqHjgfdEYCGGN+00MlVCeUZgovjjfC56j9tvtDt1zGabNjjA==",
      "license": "MIT",
      "dependencies": {
        "yaml": "^2.9.0"
      }
    },
    "node_modules/yaml": {
      "version": "2.9.1",
      "resolved": "https://registry.npmjs.org/yaml/-/yaml-2.9.1.tgz",
      "integrity": "sha512-3NxN8+78OdzbT7C/WjGsyfPAtJaN3FNDsWxv7Y7mcDsT/oOmgW8BpyQQFFBnvZE3j9Y2Sdz1ULFLezL7Eb2yFw==",
      "license": "ISC",
      "bin": {
        "yaml": "bin.mjs"
      },
      "engines": {
        "node": ">= 14.6"
      },
      "funding": {
        "url": "https://github.com/sponsors/eemeli"
      }
    },
    "node_modules/zod": {
      "version": "4.5.4",
      "resolved": "https://registry.npmjs.org/zod/-/zod-4.5.4.tgz",
      "integrity": "sha512-sC95tT5iHHH9gtpj6A81kh+NEaRAUFN+qlUPDUbRfOMvNf5QCBqsb3WgvnpVtK5Y+4UfA6KqufotuTvMGiTlsA==",
      "license": "MIT",
      "funding": {
        "url": "https://github.com/sponsors/colinhacks"
      }
    }
  }
}
